
Microsoft Visual Studio Solution File, Format Version 12.00
# Visual Studio Version 16
VisualStudioVersion = 16.0.31025.194
MinimumVisualStudioVersion = 10.0.40219.1
Project("{FAE04EC0-301F-11D3-BF4B-00C04F79EFBC}") = "FTIRengine", "FTIRengine.csproj", "{132B9F6D-098B-4D7D-8F1C-7E96A6D5360E}"
EndProject
Global
	GlobalSection(SolutionConfigurationPlatforms) = preSolution
		Debug|Any CPU = Debug|Any CPU
		Release|Any CPU = Release|Any CPU
	EndGlobalSection
	GlobalSection(ProjectConfigurationPlatforms) = postSolution
		{132B9F6D-098B-4D7D-8F1C-7E96A6D5360E}.Debug|Any CPU.ActiveCfg = Debug|Any CPU
		{132B9F6D-098B-4D7D-8F1C-7E96A6D5360E}.Debug|Any CPU.Build.0 = Debug|Any CPU
		{132B9F6D-098B-4D7D-8F1C-7E96A6D5360E}.Release|Any CPU.ActiveCfg = Release|Any CPU
		{132B9F6D-098B-4D7D-8F1C-7E96A6D5360E}.Release|Any CPU.Build.0 = Release|Any CPU
	EndGlobalSection
	GlobalSection(SolutionProperties) = preSolution
		HideSolutionNode = FALSE
	EndGlobalSection
	GlobalSection(ExtensibilityGlobals) = postSolution
		SolutionGuid = {518AF77B-2D8E-490B-8C28-A020E8C80771}
	EndGlobalSection
EndGlobal
